
Microsoft Visual Studio Solution File, Format Version 12.00
# Visual Studio Version 16
VisualStudioVersion = 16.0.29201.188
MinimumVisualStudioVersion = 10.0.40219.1
Project("{FAE04EC0-301F-11D3-BF4B-00C04F79EFBC}") = "IDZ", "IDZ.csproj", "{6780A94C-DC32-4C3B-B141-1242451674EA}"
EndProject
Global
	GlobalSection(SolutionConfigurationPlatforms) = preSolution
		Debug|Any CPU = Debug|Any CPU
		Release|Any CPU = Release|Any CPU
	EndGlobalSection
	GlobalSection(ProjectConfigurationPlatforms) = postSolution
		{6780A94C-DC32-4C3B-B141-1242451674EA}.Debug|Any CPU.ActiveCfg = Debug|Any CPU
		{6780A94C-DC32-4C3B-B141-1242451674EA}.Debug|Any CPU.Build.0 = Debug|Any CPU
		{6780A94C-DC32-4C3B-B141-1242451674EA}.Release|Any CPU.ActiveCfg = Release|Any CPU
		{6780A94C-DC32-4C3B-B141-1242451674EA}.Release|Any CPU.Build.0 = Release|Any CPU
	EndGlobalSection
	GlobalSection(SolutionProperties) = preSolution
		HideSolutionNode = FALSE
	EndGlobalSection
	GlobalSection(ExtensibilityGlobals) = postSolution
		SolutionGuid = {174B11E8-C25D-441C-842D-B502F2BAFB8E}
	EndGlobalSection
EndGlobal
